
Microsoft Visual Studio Solution File, Format Version 12.00
# Visual Studio Version 17
VisualStudioVersion = 17.10.35004.147
MinimumVisualStudioVersion = 10.0.40219.1
Project("{FAE04EC0-301F-11D3-BF4B-00C04F79EFBC}") = "Company", "Company\Company.csproj", "{6B66172D-9606-450C-8140-EA3A5E531745}"
EndProject
Global
	GlobalSection(SolutionConfigurationPlatforms) = preSolution
		Debug|Any CPU = Debug|Any CPU
		Release|Any CPU = Release|Any CPU
	EndGlobalSection
	GlobalSection(ProjectConfigurationPlatforms) = postSolution
		{6B66172D-9606-450C-8140-EA3A5E531745}.Debug|Any CPU.ActiveCfg = Debug|Any CPU
		{6B66172D-9606-450C-8140-EA3A5E531745}.Debug|Any CPU.Build.0 = Debug|Any CPU
		{6B66172D-9606-450C-8140-EA3A5E531745}.Release|Any CPU.ActiveCfg = Release|Any CPU
		{6B66172D-9606-450C-8140-EA3A5E531745}.Release|Any CPU.Build.0 = Release|Any CPU
	EndGlobalSection
	GlobalSection(SolutionProperties) = preSolution
		HideSolutionNode = FALSE
	EndGlobalSection
	GlobalSection(ExtensibilityGlobals) = postSolution
		SolutionGuid = {A4A1F92F-AC51-41D5-AA85-EA129D9FCFE0}
	EndGlobalSection
EndGlobal
